
Microsoft Visual Studio Solution File, Format Version 12.00
# Visual Studio Version 17
VisualStudioVersion = 17.0.31903.59
MinimumVisualStudioVersion = 10.0.40219.1
Project("{FAE04EC0-301F-11D3-BF4B-00C04F79EFBC}") = "ProjetoCursoDesenvolvedorIO", "ProjetoCursoDesenvolvedorIO\ProjetoCursoDesenvolvedorIO.csproj", "{0DFD166B-720F-40A6-8889-9084A2338BAB}"
EndProject
Global
	GlobalSection(SolutionConfigurationPlatforms) = preSolution
		Debug|Any CPU = Debug|Any CPU
		Release|Any CPU = Release|Any CPU
	EndGlobalSection
	GlobalSection(SolutionProperties) = preSolution
		HideSolutionNode = FALSE
	EndGlobalSection
	GlobalSection(ProjectConfigurationPlatforms) = postSolution
		{0DFD166B-720F-40A6-8889-9084A2338BAB}.Debug|Any CPU.ActiveCfg = Debug|Any CPU
		{0DFD166B-720F-40A6-8889-9084A2338BAB}.Debug|Any CPU.Build.0 = Debug|Any CPU
		{0DFD166B-720F-40A6-8889-9084A2338BAB}.Release|Any CPU.ActiveCfg = Release|Any CPU
		{0DFD166B-720F-40A6-8889-9084A2338BAB}.Release|Any CPU.Build.0 = Release|Any CPU
	EndGlobalSection
EndGlobal
